
Microsoft Visual Studio Solution File, Format Version 12.00
# Visual Studio Version 17
VisualStudioVersion = 17.4.33122.133
MinimumVisualStudioVersion = 10.0.40219.1
Project("{FAE04EC0-301F-11D3-BF4B-00C04F79EFBC}") = "lab1", "lab1\lab1.csproj", "{5F79FA85-9599-46D0-8AB3-F9BA6C489558}"
EndProject
Project("{FAE04EC0-301F-11D3-BF4B-00C04F79EFBC}") = "lab2", "lab2\lab2.csproj", "{FD3F481F-BDF2-4D6C-8379-54D16871ED1C}"
EndProject
Project("{FAE04EC0-301F-11D3-BF4B-00C04F79EFBC}") = "lab3", "lab3\lab3.csproj", "{3DEB5809-A5DD-435A-AF0E-22661F28E21E}"
EndProject
Project("{FAE04EC0-301F-11D3-BF4B-00C04F79EFBC}") = "lab4", "lab4\lab4.csproj", "{8508DDEC-C3F7-49F5-A0E5-F05D70B94660}"
EndProject
Project("{FAE04EC0-301F-11D3-BF4B-00C04F79EFBC}") = "lab5", "lab5\lab5.csproj", "{1135FA41-F57E-42F5-B3E2-62D504A784B2}"
EndProject
Project("{FAE04EC0-301F-11D3-BF4B-00C04F79EFBC}") = "lab7", "lab7\lab7.csproj", "{2E5E81F1-42D0-4546-AE77-8E88B1DF6526}"
EndProject
Project("{FAE04EC0-301F-11D3-BF4B-00C04F79EFBC}") = "lab8", "lab8\lab8.csproj", "{07511778-EF1D-4434-83E9-A894B45FD7F6}"
EndProject
Project("{FAE04EC0-301F-11D3-BF4B-00C04F79EFBC}") = "lab9", "lab9\lab9.csproj", "{E432A20D-5890-4F00-B067-326B66883885}"
EndProject
Project("{FAE04EC0-301F-11D3-BF4B-00C04F79EFBC}") = "lab10", "lab10\lab10.csproj", "{2889564F-427B-40A3-A0AD-53AE4598EBDF}"
EndProject
Project("{FAE04EC0-301F-11D3-BF4B-00C04F79EFBC}") = "lab11", "lab11\lab11.csproj", "{B23AC99D-7A31-41A5-94E1-6EFD7766CB00}"
EndProject
Project("{FAE04EC0-301F-11D3-BF4B-00C04F79EFBC}") = "lab12", "lab12\lab12.csproj", "{C55FA3B1-0095-4D92-87F1-B7CD5CFBEAC9}"
EndProject
Project("{FAE04EC0-301F-11D3-BF4B-00C04F79EFBC}") = "lab13", "lab13\lab13.csproj", "{9BF77CE8-AEAA-4EAD-87B5-2A2A7D73B371}"
EndProject
Global
	GlobalSection(SolutionConfigurationPlatforms) = preSolution
		Debug|Any CPU = Debug|Any CPU
		Release|Any CPU = Release|Any CPU
	EndGlobalSection
	GlobalSection(ProjectConfigurationPlatforms) = postSolution
		{5F79FA85-9599-46D0-8AB3-F9BA6C489558}.Debug|Any CPU.ActiveCfg = Debug|Any CPU
		{5F79FA85-9599-46D0-8AB3-F9BA6C489558}.Debug|Any CPU.Build.0 = Debug|Any CPU
		{5F79FA85-9599-46D0-8AB3-F9BA6C489558}.Release|Any CPU.ActiveCfg = Release|Any CPU
		{5F79FA85-9599-46D0-8AB3-F9BA6C489558}.Release|Any CPU.Build.0 = Release|Any CPU
		{FD3F481F-BDF2-4D6C-8379-54D16871ED1C}.Debug|Any CPU.ActiveCfg = Debug|Any CPU
		{FD3F481F-BDF2-4D6C-8379-54D16871ED1C}.Debug|Any CPU.Build.0 = Debug|Any CPU
		{FD3F481F-BDF2-4D6C-8379-54D16871ED1C}.Release|Any CPU.ActiveCfg = Release|Any CPU
		{FD3F481F-BDF2-4D6C-8379-54D16871ED1C}.Release|Any CPU.Build.0 = Release|Any CPU
		{3DEB5809-A5DD-435A-AF0E-22661F28E21E}.Debug|Any CPU.ActiveCfg = Debug|Any CPU
		{3DEB5809-A5DD-435A-AF0E-22661F28E21E}.Debug|Any CPU.Build.0 = Debug|Any CPU
		{3DEB5809-A5DD-435A-AF0E-22661F28E21E}.Release|Any CPU.ActiveCfg = Release|Any CPU
		{3DEB5809-A5DD-435A-AF0E-22661F28E21E}.Release|Any CPU.Build.0 = Release|Any CPU
		{8508DDEC-C3F7-49F5-A0E5-F05D70B94660}.Debug|Any CPU.ActiveCfg = Debug|Any CPU
		{8508DDEC-C3F7-49F5-A0E5-F05D70B94660}.Debug|Any CPU.Build.0 = Debug|Any CPU
		{8508DDEC-C3F7-49F5-A0E5-F05D70B94660}.Release|Any CPU.ActiveCfg = Release|Any CPU
		{8508DDEC-C3F7-49F5-A0E5-F05D70B94660}.Release|Any CPU.Build.0 = Release|Any CPU
		{1135FA41-F57E-42F5-B3E2-62D504A784B2}.Debug|Any CPU.ActiveCfg = Debug|Any CPU
		{1135FA41-F57E-42F5-B3E2-62D504A784B2}.Debug|Any CPU.Build.0 = Debug|Any CPU
		{1135FA41-F57E-42F5-B3E2-62D504A784B2}.Release|Any CPU.ActiveCfg = Release|Any CPU
		{1135FA41-F57E-42F5-B3E2-62D504A784B2}.Release|Any CPU.Build.0 = Release|Any CPU
		{2E5E81F1-42D0-4546-AE77-8E88B1DF6526}.Debug|Any CPU.ActiveCfg = Debug|Any CPU
		{2E5E81F1-42D0-4546-AE77-8E88B1DF6526}.Debug|Any CPU.Build.0 = Debug|Any CPU
		{2E5E81F1-42D0-4546-AE77-8E88B1DF6526}.Release|Any CPU.ActiveCfg = Release|Any CPU
		{2E5E81F1-42D0-4546-AE77-8E88B1DF6526}.Release|Any CPU.Build.0 = Release|Any CPU
		{07511778-EF1D-4434-83E9-A894B45FD7F6}.Debug|Any CPU.ActiveCfg = Debug|Any CPU
		{07511778-EF1D-4434-83E9-A894B45FD7F6}.Debug|Any CPU.Build.0 = Debug|Any CPU
		{07511778-EF1D-4434-83E9-A894B45FD7F6}.Release|Any CPU.ActiveCfg = Release|Any CPU
		{07511778-EF1D-4434-83E9-A894B45FD7F6}.Release|Any CPU.Build.0 = Release|Any CPU
		{E432A20D-5890-4F00-B067-326B66883885}.Debug|Any CPU.ActiveCfg = Debug|Any CPU
		{E432A20D-5890-4F00-B067-326B66883885}.Debug|Any CPU.Build.0 = Debug|Any CPU
		{E432A20D-5890-4F00-B067-326B66883885}.Release|Any CPU.ActiveCfg = Release|Any CPU
		{E432A20D-5890-4F00-B067-326B66883885}.Release|Any CPU.Build.0 = Release|Any CPU
		{2889564F-427B-40A3-A0AD-53AE4598EBDF}.Debug|Any CPU.ActiveCfg = Debug|Any CPU
		{2889564F-427B-40A3-A0AD-53AE4598EBDF}.Debug|Any CPU.Build.0 = Debug|Any CPU
		{2889564F-427B-40A3-A0AD-53AE4598EBDF}.Release|Any CPU.ActiveCfg = Release|Any CPU
		{2889564F-427B-40A3-A0AD-53AE4598EBDF}.Release|Any CPU.Build.0 = Release|Any CPU
		{B23AC99D-7A31-41A5-94E1-6EFD7766CB00}.Debug|Any CPU.ActiveCfg = Debug|Any CPU
		{B23AC99D-7A31-41A5-94E1-6EFD7766CB00}.Debug|Any CPU.Build.0 = Debug|Any CPU
		{B23AC99D-7A31-41A5-94E1-6EFD7766CB00}.Release|Any CPU.ActiveCfg = Release|Any CPU
		{B23AC99D-7A31-41A5-94E1-6EFD7766CB00}.Release|Any CPU.Build.0 = Release|Any CPU
		{C55FA3B1-0095-4D92-87F1-B7CD5CFBEAC9}.Debug|Any CPU.ActiveCfg = Debug|Any CPU
		{C55FA3B1-0095-4D92-87F1-B7CD5CFBEAC9}.Debug|Any CPU.Build.0 = Debug|Any CPU
		{C55FA3B1-0095-4D92-87F1-B7CD5CFBEAC9}.Release|Any CPU.ActiveCfg = Release|Any CPU
		{C55FA3B1-0095-4D92-87F1-B7CD5CFBEAC9}.Release|Any CPU.Build.0 = Release|Any CPU
		{9BF77CE8-AEAA-4EAD-87B5-2A2A7D73B371}.Debug|Any CPU.ActiveCfg = Debug|Any CPU
		{9BF77CE8-AEAA-4EAD-87B5-2A2A7D73B371}.Debug|Any CPU.Build.0 = Debug|Any CPU
		{9BF77CE8-AEAA-4EAD-87B5-2A2A7D73B371}.Release|Any CPU.ActiveCfg = Release|Any CPU
		{9BF77CE8-AEAA-4EAD-87B5-2A2A7D73B371}.Release|Any CPU.Build.0 = Release|Any CPU
	EndGlobalSection
	GlobalSection(SolutionProperties) = preSolution
		HideSolutionNode = FALSE
	EndGlobalSection
	GlobalSection(ExtensibilityGlobals) = postSolution
		SolutionGuid = {050FB90C-0DF0-48A2-ABD2-6382579453CC}
	EndGlobalSection
EndGlobal
